
Microsoft Visual Studio Solution File, Format Version 12.00
# Visual Studio Version 16
VisualStudioVersion = 16.0.31515.178
MinimumVisualStudioVersion = 10.0.40219.1
Project("{FAE04EC0-301F-11D3-BF4B-00C04F79EFBC}") = "PaycoSalesReport_ChungAng", "PaycoSalesReport_ChungAng\PaycoSalesReport_ChungAng.csproj", "{11FD2198-9054-4779-B9F3-F253581342A3}"
EndProject
Global
	GlobalSection(SolutionConfigurationPlatforms) = preSolution
		Debug|Any CPU = Debug|Any CPU
		Release|Any CPU = Release|Any CPU
	EndGlobalSection
	GlobalSection(ProjectConfigurationPlatforms) = postSolution
		{11FD2198-9054-4779-B9F3-F253581342A3}.Debug|Any CPU.ActiveCfg = Debug|Any CPU
		{11FD2198-9054-4779-B9F3-F253581342A3}.Debug|Any CPU.Build.0 = Debug|Any CPU
		{11FD2198-9054-4779-B9F3-F253581342A3}.Release|Any CPU.ActiveCfg = Release|Any CPU
		{11FD2198-9054-4779-B9F3-F253581342A3}.Release|Any CPU.Build.0 = Release|Any CPU
	EndGlobalSection
	GlobalSection(SolutionProperties) = preSolution
		HideSolutionNode = FALSE
	EndGlobalSection
	GlobalSection(ExtensibilityGlobals) = postSolution
		SolutionGuid = {D771099F-D1B7-48B8-A2A2-3D5A6CFC2E18}
	EndGlobalSection
EndGlobal
